
Microsoft Visual Studio Solution File, Format Version 12.00
# Visual Studio Version 17
VisualStudioVersion = 17.7.34031.279
MinimumVisualStudioVersion = 10.0.40219.1
Project("{FAE04EC0-301F-11D3-BF4B-00C04F79EFBC}") = "Krugozor", "Krugozor\Krugozor.csproj", "{1C7D7E69-67C7-4610-8B40-1675FF72F8B3}"
EndProject
Global
	GlobalSection(SolutionConfigurationPlatforms) = preSolution
		Debug|Any CPU = Debug|Any CPU
		Release|Any CPU = Release|Any CPU
	EndGlobalSection
	GlobalSection(ProjectConfigurationPlatforms) = postSolution
		{1C7D7E69-67C7-4610-8B40-1675FF72F8B3}.Debug|Any CPU.ActiveCfg = Debug|Any CPU
		{1C7D7E69-67C7-4610-8B40-1675FF72F8B3}.Debug|Any CPU.Build.0 = Debug|Any CPU
		{1C7D7E69-67C7-4610-8B40-1675FF72F8B3}.Release|Any CPU.ActiveCfg = Release|Any CPU
		{1C7D7E69-67C7-4610-8B40-1675FF72F8B3}.Release|Any CPU.Build.0 = Release|Any CPU
	EndGlobalSection
	GlobalSection(SolutionProperties) = preSolution
		HideSolutionNode = FALSE
	EndGlobalSection
	GlobalSection(ExtensibilityGlobals) = postSolution
		SolutionGuid = {0BB1D222-EACE-403D-87F2-44ECEEEE594C}
	EndGlobalSection
EndGlobal
